
Microsoft Visual Studio Solution File, Format Version 12.00
# Visual Studio Version 17
VisualStudioVersion = 17.6.33829.357
MinimumVisualStudioVersion = 10.0.40219.1
Project("{9A19103F-16F7-4668-BE54-9A1E7A4F7556}") = "EasyGrocery.Api", "EasyGrocery.Api\EasyGrocery.Api.csproj", "{CD1C79DE-172C-4857-B3CA-F595D2D4C4A6}"
EndProject
Project("{9A19103F-16F7-4668-BE54-9A1E7A4F7556}") = "EasyGrocery.Service", "EasyGrocery.Service\EasyGrocery.Service.csproj", "{C660C272-925B-47B0-B41F-034E66C627EA}"
EndProject
Project("{9A19103F-16F7-4668-BE54-9A1E7A4F7556}") = "EasyGrocery.Repository", "EasyGrocery.Repository\EasyGrocery.Repository.csproj", "{C14CB3FB-39A6-4FF8-9CAF-329F24382A9D}"
EndProject
Project("{9A19103F-16F7-4668-BE54-9A1E7A4F7556}") = "EasyGrocery.Common", "EasyGrocery.Common\EasyGrocery.Common.csproj", "{29D1B543-7DF8-4141-8F9D-091612387CCA}"
EndProject
Project("{9A19103F-16F7-4668-BE54-9A1E7A4F7556}") = "EasyGrocery.Tests", "EasyGrocery.Tests\EasyGrocery.Tests.csproj", "{EE9CF782-79BD-4556-AB2C-2E37FFF348F5}"
EndProject
Global
	GlobalSection(SolutionConfigurationPlatforms) = preSolution
		Debug|Any CPU = Debug|Any CPU
		Release|Any CPU = Release|Any CPU
	EndGlobalSection
	GlobalSection(ProjectConfigurationPlatforms) = postSolution
		{CD1C79DE-172C-4857-B3CA-F595D2D4C4A6}.Debug|Any CPU.ActiveCfg = Debug|Any CPU
		{CD1C79DE-172C-4857-B3CA-F595D2D4C4A6}.Debug|Any CPU.Build.0 = Debug|Any CPU
		{CD1C79DE-172C-4857-B3CA-F595D2D4C4A6}.Release|Any CPU.ActiveCfg = Release|Any CPU
		{CD1C79DE-172C-4857-B3CA-F595D2D4C4A6}.Release|Any CPU.Build.0 = Release|Any CPU
		{C660C272-925B-47B0-B41F-034E66C627EA}.Debug|Any CPU.ActiveCfg = Debug|Any CPU
		{C660C272-925B-47B0-B41F-034E66C627EA}.Debug|Any CPU.Build.0 = Debug|Any CPU
		{C660C272-925B-47B0-B41F-034E66C627EA}.Release|Any CPU.ActiveCfg = Release|Any CPU
		{C660C272-925B-47B0-B41F-034E66C627EA}.Release|Any CPU.Build.0 = Release|Any CPU
		{C14CB3FB-39A6-4FF8-9CAF-329F24382A9D}.Debug|Any CPU.ActiveCfg = Debug|Any CPU
		{C14CB3FB-39A6-4FF8-9CAF-329F24382A9D}.Debug|Any CPU.Build.0 = Debug|Any CPU
		{C14CB3FB-39A6-4FF8-9CAF-329F24382A9D}.Release|Any CPU.ActiveCfg = Release|Any CPU
		{C14CB3FB-39A6-4FF8-9CAF-329F24382A9D}.Release|Any CPU.Build.0 = Release|Any CPU
		{29D1B543-7DF8-4141-8F9D-091612387CCA}.Debug|Any CPU.ActiveCfg = Debug|Any CPU
		{29D1B543-7DF8-4141-8F9D-091612387CCA}.Debug|Any CPU.Build.0 = Debug|Any CPU
		{29D1B543-7DF8-4141-8F9D-091612387CCA}.Release|Any CPU.ActiveCfg = Release|Any CPU
		{29D1B543-7DF8-4141-8F9D-091612387CCA}.Release|Any CPU.Build.0 = Release|Any CPU
		{EE9CF782-79BD-4556-AB2C-2E37FFF348F5}.Debug|Any CPU.ActiveCfg = Debug|Any CPU
		{EE9CF782-79BD-4556-AB2C-2E37FFF348F5}.Debug|Any CPU.Build.0 = Debug|Any CPU
		{EE9CF782-79BD-4556-AB2C-2E37FFF348F5}.Release|Any CPU.ActiveCfg = Release|Any CPU
		{EE9CF782-79BD-4556-AB2C-2E37FFF348F5}.Release|Any CPU.Build.0 = Release|Any CPU
	EndGlobalSection
	GlobalSection(SolutionProperties) = preSolution
		HideSolutionNode = FALSE
	EndGlobalSection
	GlobalSection(ExtensibilityGlobals) = postSolution
		SolutionGuid = {47D3201D-A7E6-4709-9D0A-B8E9A1956CC2}
	EndGlobalSection
EndGlobal
